// !$*UTF8*$!
{
	archiveVersion = 1;
	classes = {
	};
	objectVersion = 55;
	objects = {

/* Begin PBXBuildFile section */
		09DBA089226A7D670E8AE740 /* Pods_BikeNetworkTests.framework in Frameworks */ = {isa = PBXBuildFile; fileRef = 0D977F5BB9F885A631187F4E /* Pods_BikeNetworkTests.framework */; };
		18B849722892E280009F4501 /* AppDelegate.swift in Sources */ = {isa = PBXBuildFile; fileRef = 18B849712892E280009F4501 /* AppDelegate.swift */; };
		18B849742892E280009F4501 /* SceneDelegate.swift in Sources */ = {isa = PBXBuildFile; fileRef = 18B849732892E280009F4501 /* SceneDelegate.swift */; };
		18B849762892E280009F4501 /* NetworkViewController.swift in Sources */ = {isa = PBXBuildFile; fileRef = 18B849752892E280009F4501 /* NetworkViewController.swift */; };
		18B849792892E280009F4501 /* Main.storyboard in Resources */ = {isa = PBXBuildFile; fileRef = 18B849772892E280009F4501 /* Main.storyboard */; };
		18B8497B2892E280009F4501 /* Assets.xcassets in Resources */ = {isa = PBXBuildFile; fileRef = 18B8497A2892E280009F4501 /* Assets.xcassets */; };
		18B8497E2892E280009F4501 /* LaunchScreen.storyboard in Resources */ = {isa = PBXBuildFile; fileRef = 18B8497C2892E280009F4501 /* LaunchScreen.storyboard */; };
		18F472B12893337F00800F17 /* NetworkViewCell.swift in Sources */ = {isa = PBXBuildFile; fileRef = 18F472AF2893337F00800F17 /* NetworkViewCell.swift */; };
		8003D910C18ED4CABD8AEBCF /* Pods_BikeNetwork.framework in Frameworks */ = {isa = PBXBuildFile; fileRef = 9E00AE7F86316A760C22CD8E /* Pods_BikeNetwork.framework */; };
		8C553D5A28982A0B00998C15 /* NetworkViewCell.xib in Resources */ = {isa = PBXBuildFile; fileRef = 8C553D5928982A0B00998C15 /* NetworkViewCell.xib */; };
		8C553D5C28982B4B00998C15 /* Network.swift in Sources */ = {isa = PBXBuildFile; fileRef = 8C553D5B28982B4B00998C15 /* Network.swift */; };
		8C553D5F2898544300998C15 /* StationViewCell.swift in Sources */ = {isa = PBXBuildFile; fileRef = 8C553D5D2898544300998C15 /* StationViewCell.swift */; };
		8C553D602898544300998C15 /* StationViewCell.xib in Resources */ = {isa = PBXBuildFile; fileRef = 8C553D5E2898544300998C15 /* StationViewCell.xib */; };
		8C553D6228985EB500998C15 /* Station.swift in Sources */ = {isa = PBXBuildFile; fileRef = 8C553D6128985EB500998C15 /* Station.swift */; };
		8C553D642898681C00998C15 /* StationViewController.swift in Sources */ = {isa = PBXBuildFile; fileRef = 8C553D632898681C00998C15 /* StationViewController.swift */; };
		8C715ADD28A5942E008003B2 /* ApiManagerTests.swift in Sources */ = {isa = PBXBuildFile; fileRef = 8C715ADC28A5942E008003B2 /* ApiManagerTests.swift */; };
		8CC4F8D0289AD2DA005D84E4 /* BikeNetworkModel.swift in Sources */ = {isa = PBXBuildFile; fileRef = 8CC4F8CF289AD2DA005D84E4 /* BikeNetworkModel.swift */; };
		8CC4F8D2289B3D35005D84E4 /* BikeStationModel.swift in Sources */ = {isa = PBXBuildFile; fileRef = 8CC4F8D1289B3D35005D84E4 /* BikeStationModel.swift */; };
		8CC4F8DE289C71A9005D84E4 /* StationInfoController.swift in Sources */ = {isa = PBXBuildFile; fileRef = 8CC4F8DD289C71A9005D84E4 /* StationInfoController.swift */; };
		8CC4F8DF289F24E4005D84E4 /* MapKit.framework in Frameworks */ = {isa = PBXBuildFile; fileRef = 8CC4F8D4289C3BDB005D84E4 /* MapKit.framework */; };
		8CC4F8E728A1ABEE005D84E4 /* BikeNetworkTests.swift in Sources */ = {isa = PBXBuildFile; fileRef = 8CC4F8E628A1ABEE005D84E4 /* BikeNetworkTests.swift */; };
		8CC4F8F128A1C04D005D84E4 /* ApiManager.swift in Sources */ = {isa = PBXBuildFile; fileRef = 8CC4F8F028A1C04C005D84E4 /* ApiManager.swift */; };
		8CC4F8F328A1C07C005D84E4 /* Constants.swift in Sources */ = {isa = PBXBuildFile; fileRef = 8CC4F8F228A1C07C005D84E4 /* Constants.swift */; };
		8CDDA1ED28A5A2A800C7380D /* MockUrlProtocol.swift in Sources */ = {isa = PBXBuildFile; fileRef = 8CDDA1EC28A5A2A800C7380D /* MockUrlProtocol.swift */; };
		8CDDA1EF28A6FF1D00C7380D /* ApiError.swift in Sources */ = {isa = PBXBuildFile; fileRef = 8CDDA1EE28A6FF1D00C7380D /* ApiError.swift */; };
		8CDDA1F128A7032E00C7380D /* NetworkModelTests.swift in Sources */ = {isa = PBXBuildFile; fileRef = 8CDDA1F028A7032E00C7380D /* NetworkModelTests.swift */; };
		8CDDA1F628A8349200C7380D /* MockApiManager.swift in Sources */ = {isa = PBXBuildFile; fileRef = 8CDDA1F528A8349200C7380D /* MockApiManager.swift */; };
		8CDDA1F928A8364800C7380D /* ApiManagerProtocol.swift in Sources */ = {isa = PBXBuildFile; fileRef = 8CDDA1F828A8364800C7380D /* ApiManagerProtocol.swift */; };
		8CDDA1FB28A93C9400C7380D /* MockNetworkViewDelegate.swift in Sources */ = {isa = PBXBuildFile; fileRef = 8CDDA1FA28A93C9400C7380D /* MockNetworkViewDelegate.swift */; };
		8CDDA1FD28A9523400C7380D /* StationModelTests.swift in Sources */ = {isa = PBXBuildFile; fileRef = 8CDDA1FC28A9523400C7380D /* StationModelTests.swift */; };
		8CDDA1FF28A9539200C7380D /* MockStationViewDelegate.swift in Sources */ = {isa = PBXBuildFile; fileRef = 8CDDA1FE28A9539200C7380D /* MockStationViewDelegate.swift */; };
		8CDDA20228AD10A400C7380D /* NetworkViewControllerTest.swift in Sources */ = {isa = PBXBuildFile; fileRef = 8CDDA20128AD10A400C7380D /* NetworkViewControllerTest.swift */; };
		8CDDA20428AD300500C7380D /* BikeNetworkManagerProtocol.swift in Sources */ = {isa = PBXBuildFile; fileRef = 8CDDA20328AD300500C7380D /* BikeNetworkManagerProtocol.swift */; };
		8CDDA20628AD309500C7380D /* BikeStationManagerProtocol.swift in Sources */ = {isa = PBXBuildFile; fileRef = 8CDDA20528AD309500C7380D /* BikeStationManagerProtocol.swift */; };
		8CDDA20828AD328400C7380D /* ModelProtocol.swift in Sources */ = {isa = PBXBuildFile; fileRef = 8CDDA20728AD328400C7380D /* ModelProtocol.swift */; };
		8CDDA20A28AD339900C7380D /* MockBikeNetworkModel.swift in Sources */ = {isa = PBXBuildFile; fileRef = 8CDDA20928AD339800C7380D /* MockBikeNetworkModel.swift */; };
		8CDFE9A628AD8FB9002F6AA3 /* BikeNetworkUITests.swift in Sources */ = {isa = PBXBuildFile; fileRef = 8CDFE9A528AD8FB9002F6AA3 /* BikeNetworkUITests.swift */; };
		8CDFE9A828AD8FB9002F6AA3 /* BikeNetworkUITestsLaunchTests.swift in Sources */ = {isa = PBXBuildFile; fileRef = 8CDFE9A728AD8FB9002F6AA3 /* BikeNetworkUITestsLaunchTests.swift */; };
/* End PBXBuildFile section */

/* Begin PBXContainerItemProxy section */
		8CC4F8E828A1ABEE005D84E4 /* PBXContainerItemProxy */ = {
			isa = PBXContainerItemProxy;
			containerPortal = 18B849662892E280009F4501 /* Project object */;
			proxyType = 1;
			remoteGlobalIDString = 18B8496D2892E280009F4501;
			remoteInfo = BikeNetwork;
		};
		8CDFE9A928AD8FB9002F6AA3 /* PBXContainerItemProxy */ = {
			isa = PBXContainerItemProxy;
			containerPortal = 18B849662892E280009F4501 /* Project object */;
			proxyType = 1;
			remoteGlobalIDString = 18B8496D2892E280009F4501;
			remoteInfo = BikeNetwork;
		};
/* End PBXContainerItemProxy section */

/* Begin PBXFileReference section */
		0D977F5BB9F885A631187F4E /* Pods_BikeNetworkTests.framework */ = {isa = PBXFileReference; explicitFileType = wrapper.framework; includeInIndex = 0; path = Pods_BikeNetworkTests.framework; sourceTree = BUILT_PRODUCTS_DIR; };
		18B8496E2892E280009F4501 /* BikeNetwork.app */ = {isa = PBXFileReference; explicitFileType = wrapper.application; includeInIndex = 0; path = BikeNetwork.app; sourceTree = BUILT_PRODUCTS_DIR; };
		18B849712892E280009F4501 /* AppDelegate.swift */ = {isa = PBXFileReference; lastKnownFileType = sourcecode.swift; path = AppDelegate.swift; sourceTree = "<group>"; };
		18B849732892E280009F4501 /* SceneDelegate.swift */ = {isa = PBXFileReference; lastKnownFileType = sourcecode.swift; path = SceneDelegate.swift; sourceTree = "<group>"; };
		18B849752892E280009F4501 /* NetworkViewController.swift */ = {isa = PBXFileReference; lastKnownFileType = sourcecode.swift; path = NetworkViewController.swift; sourceTree = "<group>"; };
		18B849782892E280009F4501 /* Base */ = {isa = PBXFileReference; lastKnownFileType = file.storyboard; name = Base; path = Base.lproj/Main.storyboard; sourceTree = "<group>"; };
		18B8497A2892E280009F4501 /* Assets.xcassets */ = {isa = PBXFileReference; lastKnownFileType = folder.assetcatalog; path = Assets.xcassets; sourceTree = "<group>"; };
		18B8497D2892E280009F4501 /* Base */ = {isa = PBXFileReference; lastKnownFileType = file.storyboard; name = Base; path = Base.lproj/LaunchScreen.storyboard; sourceTree = "<group>"; };
		18B8497F2892E280009F4501 /* Info.plist */ = {isa = PBXFileReference; lastKnownFileType = text.plist.xml; path = Info.plist; sourceTree = "<group>"; };
		18F472AF2893337F00800F17 /* NetworkViewCell.swift */ = {isa = PBXFileReference; lastKnownFileType = sourcecode.swift; path = NetworkViewCell.swift; sourceTree = "<group>"; };
		2B4209565944737E5AC92C6E /* Pods-BikeNetwork.release.xcconfig */ = {isa = PBXFileReference; includeInIndex = 1; lastKnownFileType = text.xcconfig; name = "Pods-BikeNetwork.release.xcconfig"; path = "Target Support Files/Pods-BikeNetwork/Pods-BikeNetwork.release.xcconfig"; sourceTree = "<group>"; };
		41AF0CD45FAE4BB25EC26985 /* Pods-BikeNetworkTests.debug.xcconfig */ = {isa = PBXFileReference; includeInIndex = 1; lastKnownFileType = text.xcconfig; name = "Pods-BikeNetworkTests.debug.xcconfig"; path = "Target Support Files/Pods-BikeNetworkTests/Pods-BikeNetworkTests.debug.xcconfig"; sourceTree = "<group>"; };
		789855EDF33B137E35D0E616 /* Pods-BikeNetwork.debug.xcconfig */ = {isa = PBXFileReference; includeInIndex = 1; lastKnownFileType = text.xcconfig; name = "Pods-BikeNetwork.debug.xcconfig"; path = "Target Support Files/Pods-BikeNetwork/Pods-BikeNetwork.debug.xcconfig"; sourceTree = "<group>"; };
		792B260180D4F5EF45212E01 /* Pods-BikeNetworkTests.release.xcconfig */ = {isa = PBXFileReference; includeInIndex = 1; lastKnownFileType = text.xcconfig; name = "Pods-BikeNetworkTests.release.xcconfig"; path = "Target Support Files/Pods-BikeNetworkTests/Pods-BikeNetworkTests.release.xcconfig"; sourceTree = "<group>"; };
		8C553D5928982A0B00998C15 /* NetworkViewCell.xib */ = {isa = PBXFileReference; fileEncoding = 4; lastKnownFileType = file.xib; path = NetworkViewCell.xib; sourceTree = "<group>"; };
		8C553D5B28982B4B00998C15 /* Network.swift */ = {isa = PBXFileReference; lastKnownFileType = sourcecode.swift; path = Network.swift; sourceTree = "<group>"; };
		8C553D5D2898544300998C15 /* StationViewCell.swift */ = {isa = PBXFileReference; lastKnownFileType = sourcecode.swift; path = StationViewCell.swift; sourceTree = "<group>"; };
		8C553D5E2898544300998C15 /* StationViewCell.xib */ = {isa = PBXFileReference; lastKnownFileType = file.xib; path = StationViewCell.xib; sourceTree = "<group>"; };
		8C553D6128985EB500998C15 /* Station.swift */ = {isa = PBXFileReference; lastKnownFileType = sourcecode.swift; path = Station.swift; sourceTree = "<group>"; };
		8C553D632898681C00998C15 /* StationViewController.swift */ = {isa = PBXFileReference; lastKnownFileType = sourcecode.swift; path = StationViewController.swift; sourceTree = "<group>"; };
		8C715ADC28A5942E008003B2 /* ApiManagerTests.swift */ = {isa = PBXFileReference; lastKnownFileType = sourcecode.swift; path = ApiManagerTests.swift; sourceTree = "<group>"; };
		8CC4F8CF289AD2DA005D84E4 /* BikeNetworkModel.swift */ = {isa = PBXFileReference; lastKnownFileType = sourcecode.swift; path = BikeNetworkModel.swift; sourceTree = "<group>"; };
		8CC4F8D1289B3D35005D84E4 /* BikeStationModel.swift */ = {isa = PBXFileReference; lastKnownFileType = sourcecode.swift; path = BikeStationModel.swift; sourceTree = "<group>"; };
		8CC4F8D4289C3BDB005D84E4 /* MapKit.framework */ = {isa = PBXFileReference; lastKnownFileType = wrapper.framework; name = MapKit.framework; path = System/Library/Frameworks/MapKit.framework; sourceTree = SDKROOT; };
		8CC4F8DD289C71A9005D84E4 /* StationInfoController.swift */ = {isa = PBXFileReference; lastKnownFileType = sourcecode.swift; path = StationInfoController.swift; sourceTree = "<group>"; };
		8CC4F8E428A1ABED005D84E4 /* BikeNetworkTests.xctest */ = {isa = PBXFileReference; explicitFileType = wrapper.cfbundle; includeInIndex = 0; path = BikeNetworkTests.xctest; sourceTree = BUILT_PRODUCTS_DIR; };
		8CC4F8E628A1ABEE005D84E4 /* BikeNetworkTests.swift */ = {isa = PBXFileReference; lastKnownFileType = sourcecode.swift; path = BikeNetworkTests.swift; sourceTree = "<group>"; };
		8CC4F8F028A1C04C005D84E4 /* ApiManager.swift */ = {isa = PBXFileReference; lastKnownFileType = sourcecode.swift; path = ApiManager.swift; sourceTree = "<group>"; };
		8CC4F8F228A1C07C005D84E4 /* Constants.swift */ = {isa = PBXFileReference; lastKnownFileType = sourcecode.swift; path = Constants.swift; sourceTree = "<group>"; };
		8CDDA1EC28A5A2A800C7380D /* MockUrlProtocol.swift */ = {isa = PBXFileReference; lastKnownFileType = sourcecode.swift; path = MockUrlProtocol.swift; sourceTree = "<group>"; };
		8CDDA1EE28A6FF1D00C7380D /* ApiError.swift */ = {isa = PBXFileReference; lastKnownFileType = sourcecode.swift; path = ApiError.swift; sourceTree = "<group>"; };
		8CDDA1F028A7032E00C7380D /* NetworkModelTests.swift */ = {isa = PBXFileReference; lastKnownFileType = sourcecode.swift; path = NetworkModelTests.swift; sourceTree = "<group>"; };
		8CDDA1F528A8349200C7380D /* MockApiManager.swift */ = {isa = PBXFileReference; lastKnownFileType = sourcecode.swift; path = MockApiManager.swift; sourceTree = "<group>"; };
		8CDDA1F828A8364800C7380D /* ApiManagerProtocol.swift */ = {isa = PBXFileReference; lastKnownFileType = sourcecode.swift; path = ApiManagerProtocol.swift; sourceTree = "<group>"; };
		8CDDA1FA28A93C9400C7380D /* MockNetworkViewDelegate.swift */ = {isa = PBXFileReference; lastKnownFileType = sourcecode.swift; path = MockNetworkViewDelegate.swift; sourceTree = "<group>"; };
		8CDDA1FC28A9523400C7380D /* StationModelTests.swift */ = {isa = PBXFileReference; lastKnownFileType = sourcecode.swift; path = StationModelTests.swift; sourceTree = "<group>"; };
		8CDDA1FE28A9539200C7380D /* MockStationViewDelegate.swift */ = {isa = PBXFileReference; lastKnownFileType = sourcecode.swift; path = MockStationViewDelegate.swift; sourceTree = "<group>"; };
		8CDDA20128AD10A400C7380D /* NetworkViewControllerTest.swift */ = {isa = PBXFileReference; lastKnownFileType = sourcecode.swift; path = NetworkViewControllerTest.swift; sourceTree = "<group>"; };
		8CDDA20328AD300500C7380D /* BikeNetworkManagerProtocol.swift */ = {isa = PBXFileReference; lastKnownFileType = sourcecode.swift; path = BikeNetworkManagerProtocol.swift; sourceTree = "<group>"; };
		8CDDA20528AD309500C7380D /* BikeStationManagerProtocol.swift */ = {isa = PBXFileReference; lastKnownFileType = sourcecode.swift; path = BikeStationManagerProtocol.swift; sourceTree = "<group>"; };
		8CDDA20728AD328400C7380D /* ModelProtocol.swift */ = {isa = PBXFileReference; lastKnownFileType = sourcecode.swift; path = ModelProtocol.swift; sourceTree = "<group>"; };
		8CDDA20928AD339800C7380D /* MockBikeNetworkModel.swift */ = {isa = PBXFileReference; lastKnownFileType = sourcecode.swift; path = MockBikeNetworkModel.swift; sourceTree = "<group>"; };
		8CDFE9A328AD8FB9002F6AA3 /* BikeNetworkUITests.xctest */ = {isa = PBXFileReference; explicitFileType = wrapper.cfbundle; includeInIndex = 0; path = BikeNetworkUITests.xctest; sourceTree = BUILT_PRODUCTS_DIR; };
		8CDFE9A528AD8FB9002F6AA3 /* BikeNetworkUITests.swift */ = {isa = PBXFileReference; lastKnownFileType = sourcecode.swift; path = BikeNetworkUITests.swift; sourceTree = "<group>"; };
		8CDFE9A728AD8FB9002F6AA3 /* BikeNetworkUITestsLaunchTests.swift */ = {isa = PBXFileReference; lastKnownFileType = sourcecode.swift; path = BikeNetworkUITestsLaunchTests.swift; sourceTree = "<group>"; };
		9E00AE7F86316A760C22CD8E /* Pods_BikeNetwork.framework */ = {isa = PBXFileReference; explicitFileType = wrapper.framework; includeInIndex = 0; path = Pods_BikeNetwork.framework; sourceTree = BUILT_PRODUCTS_DIR; };
/* End PBXFileReference section */

/* Begin PBXFrameworksBuildPhase section */
		18B8496B2892E280009F4501 /* Frameworks */ = {
			isa = PBXFrameworksBuildPhase;
			buildActionMask = 2147483647;
			files = (
				8CC4F8DF289F24E4005D84E4 /* MapKit.framework in Frameworks */,
				8003D910C18ED4CABD8AEBCF /* Pods_BikeNetwork.framework in Frameworks */,
			);
			runOnlyForDeploymentPostprocessing = 0;
		};
		8CC4F8E128A1ABED005D84E4 /* Frameworks */ = {
			isa = PBXFrameworksBuildPhase;
			buildActionMask = 2147483647;
			files = (
				09DBA089226A7D670E8AE740 /* Pods_BikeNetworkTests.framework in Frameworks */,
			);
			runOnlyForDeploymentPostprocessing = 0;
		};
		8CDFE9A028AD8FB9002F6AA3 /* Frameworks */ = {
			isa = PBXFrameworksBuildPhase;
			buildActionMask = 2147483647;
			files = (
			);
			runOnlyForDeploymentPostprocessing = 0;
		};
/* End PBXFrameworksBuildPhase section */

/* Begin PBXGroup section */
		18B849652892E280009F4501 = {
			isa = PBXGroup;
			children = (
				18B849702892E280009F4501 /* BikeNetwork */,
				8CC4F8E528A1ABEE005D84E4 /* BikeNetworkTests */,
				8CDFE9A428AD8FB9002F6AA3 /* BikeNetworkUITests */,
				18B8496F2892E280009F4501 /* Products */,
				8CC4F8D3289C3BDB005D84E4 /* Frameworks */,
				D54854576395A40958918BC5 /* Pods */,
			);
			sourceTree = "<group>";
		};
		18B8496F2892E280009F4501 /* Products */ = {
			isa = PBXGroup;
			children = (
				18B8496E2892E280009F4501 /* BikeNetwork.app */,
				8CC4F8E428A1ABED005D84E4 /* BikeNetworkTests.xctest */,
				8CDFE9A328AD8FB9002F6AA3 /* BikeNetworkUITests.xctest */,
			);
			name = Products;
			sourceTree = "<group>";
		};
		18B849702892E280009F4501 /* BikeNetwork */ = {
			isa = PBXGroup;
			children = (
				8CDDA1F728A8363400C7380D /* Protocols */,
				8CC4F8CE289AD2B4005D84E4 /* ViewModel */,
				8CC4F8CA289AD20B005D84E4 /* Views */,
				18B849712892E280009F4501 /* AppDelegate.swift */,
				18B849732892E280009F4501 /* SceneDelegate.swift */,
				8CC4F8CB289AD239005D84E4 /* ViewController */,
				18B8497A2892E280009F4501 /* Assets.xcassets */,
				18B8497F2892E280009F4501 /* Info.plist */,
				8CC4F8CD289AD25C005D84E4 /* Model */,
				8CC4F8F428A1C088005D84E4 /* Helper */,
			);
			path = BikeNetwork;
			sourceTree = "<group>";
		};
		8CC4F8CA289AD20B005D84E4 /* Views */ = {
			isa = PBXGroup;
			children = (
				8C553D5928982A0B00998C15 /* NetworkViewCell.xib */,
				18B849772892E280009F4501 /* Main.storyboard */,
				18B8497C2892E280009F4501 /* LaunchScreen.storyboard */,
				18F472AF2893337F00800F17 /* NetworkViewCell.swift */,
				8C553D5D2898544300998C15 /* StationViewCell.swift */,
				8C553D5E2898544300998C15 /* StationViewCell.xib */,
			);
			path = Views;
			sourceTree = "<group>";
		};
		8CC4F8CB289AD239005D84E4 /* ViewController */ = {
			isa = PBXGroup;
			children = (
				18B849752892E280009F4501 /* NetworkViewController.swift */,
				8C553D632898681C00998C15 /* StationViewController.swift */,
				8CC4F8DD289C71A9005D84E4 /* StationInfoController.swift */,
			);
			path = ViewController;
			sourceTree = "<group>";
		};
		8CC4F8CD289AD25C005D84E4 /* Model */ = {
			isa = PBXGroup;
			children = (
				8C553D5B28982B4B00998C15 /* Network.swift */,
				8C553D6128985EB500998C15 /* Station.swift */,
			);
			path = Model;
			sourceTree = "<group>";
		};
		8CC4F8CE289AD2B4005D84E4 /* ViewModel */ = {
			isa = PBXGroup;
			children = (
				8CC4F8CF289AD2DA005D84E4 /* BikeNetworkModel.swift */,
				8CC4F8D1289B3D35005D84E4 /* BikeStationModel.swift */,
			);
			path = ViewModel;
			sourceTree = "<group>";
		};
		8CC4F8D3289C3BDB005D84E4 /* Frameworks */ = {
			isa = PBXGroup;
			children = (
				8CC4F8D4289C3BDB005D84E4 /* MapKit.framework */,
				9E00AE7F86316A760C22CD8E /* Pods_BikeNetwork.framework */,
				0D977F5BB9F885A631187F4E /* Pods_BikeNetworkTests.framework */,
			);
			name = Frameworks;
			sourceTree = "<group>";
		};
		8CC4F8E528A1ABEE005D84E4 /* BikeNetworkTests */ = {
			isa = PBXGroup;
			children = (
				8CDDA20028AD107B00C7380D /* Controller */,
				8CC4F8E628A1ABEE005D84E4 /* BikeNetworkTests.swift */,
				8CDDA1F328A8346100C7380D /* Helper */,
				8CDDA1F428A8347400C7380D /* Mock */,
				8CDDA1F228A8345100C7380D /* Model */,
			);
			path = BikeNetworkTests;
			sourceTree = "<group>";
		};
		8CC4F8F428A1C088005D84E4 /* Helper */ = {
			isa = PBXGroup;
			children = (
				8CC4F8F028A1C04C005D84E4 /* ApiManager.swift */,
				8CC4F8F228A1C07C005D84E4 /* Constants.swift */,
				8CDDA1EE28A6FF1D00C7380D /* ApiError.swift */,
			);
			path = Helper;
			sourceTree = "<group>";
		};
		8CDDA1F228A8345100C7380D /* Model */ = {
			isa = PBXGroup;
			children = (
				8CDDA1F028A7032E00C7380D /* NetworkModelTests.swift */,
				8CDDA1FC28A9523400C7380D /* StationModelTests.swift */,
			);
			path = Model;
			sourceTree = "<group>";
		};
		8CDDA1F328A8346100C7380D /* Helper */ = {
			isa = PBXGroup;
			children = (
				8C715ADC28A5942E008003B2 /* ApiManagerTests.swift */,
			);
			path = Helper;
			sourceTree = "<group>";
		};
		8CDDA1F428A8347400C7380D /* Mock */ = {
			isa = PBXGroup;
			children = (
				8CDDA1EC28A5A2A800C7380D /* MockUrlProtocol.swift */,
				8CDDA1F528A8349200C7380D /* MockApiManager.swift */,
				8CDDA1FA28A93C9400C7380D /* MockNetworkViewDelegate.swift */,
				8CDDA1FE28A9539200C7380D /* MockStationViewDelegate.swift */,
				8CDDA20928AD339800C7380D /* MockBikeNetworkModel.swift */,
			);
			path = Mock;
			sourceTree = "<group>";
		};
		8CDDA1F728A8363400C7380D /* Protocols */ = {
			isa = PBXGroup;
			children = (
				8CDDA1F828A8364800C7380D /* ApiManagerProtocol.swift */,
				8CDDA20328AD300500C7380D /* BikeNetworkManagerProtocol.swift */,
				8CDDA20528AD309500C7380D /* BikeStationManagerProtocol.swift */,
				8CDDA20728AD328400C7380D /* ModelProtocol.swift */,
			);
			path = Protocols;
			sourceTree = "<group>";
		};
		8CDDA20028AD107B00C7380D /* Controller */ = {
			isa = PBXGroup;
			children = (
				8CDDA20128AD10A400C7380D /* NetworkViewControllerTest.swift */,
			);
			path = Controller;
			sourceTree = "<group>";
		};
		8CDFE9A428AD8FB9002F6AA3 /* BikeNetworkUITests */ = {
			isa = PBXGroup;
			children = (
				8CDFE9A528AD8FB9002F6AA3 /* BikeNetworkUITests.swift */,
				8CDFE9A728AD8FB9002F6AA3 /* BikeNetworkUITestsLaunchTests.swift */,
			);
			path = BikeNetworkUITests;
			sourceTree = "<group>";
		};
		D54854576395A40958918BC5 /* Pods */ = {
			isa = PBXGroup;
			children = (
				789855EDF33B137E35D0E616 /* Pods-BikeNetwork.debug.xcconfig */,
				2B4209565944737E5AC92C6E /* Pods-BikeNetwork.release.xcconfig */,
				41AF0CD45FAE4BB25EC26985 /* Pods-BikeNetworkTests.debug.xcconfig */,
				792B260180D4F5EF45212E01 /* Pods-BikeNetworkTests.release.xcconfig */,
			);
			path = Pods;
			sourceTree = "<group>";
		};
/* End PBXGroup section */

/* Begin PBXNativeTarget section */
		18B8496D2892E280009F4501 /* BikeNetwork */ = {
			isa = PBXNativeTarget;
			buildConfigurationList = 18B849822892E280009F4501 /* Build configuration list for PBXNativeTarget "BikeNetwork" */;
			buildPhases = (
				AD8A28E7FB81A46560DC08B4 /* [CP] Check Pods Manifest.lock */,
				18B8496A2892E280009F4501 /* Sources */,
				18B8496B2892E280009F4501 /* Frameworks */,
				18B8496C2892E280009F4501 /* Resources */,
				8C715ADB28A50C33008003B2 /* ShellScript */,
			);
			buildRules = (
			);
			dependencies = (
			);
			name = BikeNetwork;
			productName = BikeNetwork;
			productReference = 18B8496E2892E280009F4501 /* BikeNetwork.app */;
			productType = "com.apple.product-type.application";
		};
		8CC4F8E328A1ABED005D84E4 /* BikeNetworkTests */ = {
			isa = PBXNativeTarget;
			buildConfigurationList = 8CC4F8EA28A1ABEE005D84E4 /* Build configuration list for PBXNativeTarget "BikeNetworkTests" */;
			buildPhases = (
				CD95F54BC32CDFEBA54E5E2C /* [CP] Check Pods Manifest.lock */,
				8CC4F8E028A1ABED005D84E4 /* Sources */,
				8CC4F8E128A1ABED005D84E4 /* Frameworks */,
				8CC4F8E228A1ABED005D84E4 /* Resources */,
			);
			buildRules = (
			);
			dependencies = (
				8CC4F8E928A1ABEE005D84E4 /* PBXTargetDependency */,
			);
			name = BikeNetworkTests;
			productName = BikeNetworkTests;
			productReference = 8CC4F8E428A1ABED005D84E4 /* BikeNetworkTests.xctest */;
			productType = "com.apple.product-type.bundle.unit-test";
		};
		8CDFE9A228AD8FB9002F6AA3 /* BikeNetworkUITests */ = {
			isa = PBXNativeTarget;
			buildConfigurationList = 8CDFE9AD28AD8FB9002F6AA3 /* Build configuration list for PBXNativeTarget "BikeNetworkUITests" */;
			buildPhases = (
				8CDFE99F28AD8FB9002F6AA3 /* Sources */,
				8CDFE9A028AD8FB9002F6AA3 /* Frameworks */,
				8CDFE9A128AD8FB9002F6AA3 /* Resources */,
			);
			buildRules = (
			);
			dependencies = (
				8CDFE9AA28AD8FB9002F6AA3 /* PBXTargetDependency */,
			);
			name = BikeNetworkUITests;
			productName = BikeNetworkUITests;
			productReference = 8CDFE9A328AD8FB9002F6AA3 /* BikeNetworkUITests.xctest */;
			productType = "com.apple.product-type.bundle.ui-testing";
		};
/* End PBXNativeTarget section */

/* Begin PBXProject section */
		18B849662892E280009F4501 /* Project object */ = {
			isa = PBXProject;
			attributes = {
				BuildIndependentTargetsInParallel = 1;
				LastSwiftUpdateCheck = 1340;
				LastUpgradeCheck = 1340;
				TargetAttributes = {
					18B8496D2892E280009F4501 = {
						CreatedOnToolsVersion = 13.4.1;
					};
					8CC4F8E328A1ABED005D84E4 = {
						CreatedOnToolsVersion = 13.4.1;
						TestTargetID = 18B8496D2892E280009F4501;
					};
					8CDFE9A228AD8FB9002F6AA3 = {
						CreatedOnToolsVersion = 13.4.1;
						TestTargetID = 18B8496D2892E280009F4501;
					};
				};
			};
			buildConfigurationList = 18B849692892E280009F4501 /* Build configuration list for PBXProject "BikeNetwork" */;
			compatibilityVersion = "Xcode 13.0";
			developmentRegion = en;
			hasScannedForEncodings = 0;
			knownRegions = (
				en,
				Base,
			);
			mainGroup = 18B849652892E280009F4501;
			productRefGroup = 18B8496F2892E280009F4501 /* Products */;
			projectDirPath = "";
			projectRoot = "";
			targets = (
				18B8496D2892E280009F4501 /* BikeNetwork */,
				8CC4F8E328A1ABED005D84E4 /* BikeNetworkTests */,
				8CDFE9A228AD8FB9002F6AA3 /* BikeNetworkUITests */,
			);
		};
/* End PBXProject section */

/* Begin PBXResourcesBuildPhase section */
		18B8496C2892E280009F4501 /* Resources */ = {
			isa = PBXResourcesBuildPhase;
			buildActionMask = 2147483647;
			files = (
				18B8497E2892E280009F4501 /* LaunchScreen.storyboard in Resources */,
				8C553D5A28982A0B00998C15 /* NetworkViewCell.xib in Resources */,
				8C553D602898544300998C15 /* StationViewCell.xib in Resources */,
				18B8497B2892E280009F4501 /* Assets.xcassets in Resources */,
				18B849792892E280009F4501 /* Main.storyboard in Resources */,
			);
			runOnlyForDeploymentPostprocessing = 0;
		};
		8CC4F8E228A1ABED005D84E4 /* Resources */ = {
			isa = PBXResourcesBuildPhase;
			buildActionMask = 2147483647;
			files = (
			);
			runOnlyForDeploymentPostprocessing = 0;
		};
		8CDFE9A128AD8FB9002F6AA3 /* Resources */ = {
			isa = PBXResourcesBuildPhase;
			buildActionMask = 2147483647;
			files = (
			);
			runOnlyForDeploymentPostprocessing = 0;
		};
/* End PBXResourcesBuildPhase section */

/* Begin PBXShellScriptBuildPhase section */
		8C715ADB28A50C33008003B2 /* ShellScript */ = {
			isa = PBXShellScriptBuildPhase;
			buildActionMask = 2147483647;
			files = (
			);
			inputFileListPaths = (
			);
			inputPaths = (
			);
			outputFileListPaths = (
			);
			outputPaths = (
			);
			runOnlyForDeploymentPostprocessing = 0;
			shellPath = /bin/sh;
			shellScript = "# Type a script or drag a script file from your workspace to insert its path.\n\"${PODS_ROOT}/SwiftLint/swiftlint\"\n";
		};
		AD8A28E7FB81A46560DC08B4 /* [CP] Check Pods Manifest.lock */ = {
			isa = PBXShellScriptBuildPhase;
			buildActionMask = 2147483647;
			files = (
			);
			inputFileListPaths = (
			);
			inputPaths = (
				"${PODS_PODFILE_DIR_PATH}/Podfile.lock",
				"${PODS_ROOT}/Manifest.lock",
			);
			name = "[CP] Check Pods Manifest.lock";
			outputFileListPaths = (
			);
			outputPaths = (
				"$(DERIVED_FILE_DIR)/Pods-BikeNetwork-checkManifestLockResult.txt",
			);
			runOnlyForDeploymentPostprocessing = 0;
			shellPath = /bin/sh;
			shellScript = "diff \"${PODS_PODFILE_DIR_PATH}/Podfile.lock\" \"${PODS_ROOT}/Manifest.lock\" > /dev/null\nif [ $? != 0 ] ; then\n    # print error to STDERR\n    echo \"error: The sandbox is not in sync with the Podfile.lock. Run 'pod install' or update your CocoaPods installation.\" >&2\n    exit 1\nfi\n# This output is used by Xcode 'outputs' to avoid re-running this script phase.\necho \"SUCCESS\" > \"${SCRIPT_OUTPUT_FILE_0}\"\n";
			showEnvVarsInLog = 0;
		};
		CD95F54BC32CDFEBA54E5E2C /* [CP] Check Pods Manifest.lock */ = {
			isa = PBXShellScriptBuildPhase;
			buildActionMask = 2147483647;
			files = (
			);
			inputFileListPaths = (
			);
			inputPaths = (
				"${PODS_PODFILE_DIR_PATH}/Podfile.lock",
				"${PODS_ROOT}/Manifest.lock",
			);
			name = "[CP] Check Pods Manifest.lock";
			outputFileListPaths = (
			);
			outputPaths = (
				"$(DERIVED_FILE_DIR)/Pods-BikeNetworkTests-checkManifestLockResult.txt",
			);
			runOnlyForDeploymentPostprocessing = 0;
			shellPath = /bin/sh;
			shellScript = "diff \"${PODS_PODFILE_DIR_PATH}/Podfile.lock\" \"${PODS_ROOT}/Manifest.lock\" > /dev/null\nif [ $? != 0 ] ; then\n    # print error to STDERR\n    echo \"error: The sandbox is not in sync with the Podfile.lock. Run 'pod install' or update your CocoaPods installation.\" >&2\n    exit 1\nfi\n# This output is used by Xcode 'outputs' to avoid re-running this script phase.\necho \"SUCCESS\" > \"${SCRIPT_OUTPUT_FILE_0}\"\n";
			showEnvVarsInLog = 0;
		};
/* End PBXShellScriptBuildPhase section */

/* Begin PBXSourcesBuildPhase section */
		18B8496A2892E280009F4501 /* Sources */ = {
			isa = PBXSourcesBuildPhase;
			buildActionMask = 2147483647;
			files = (
				8CDDA20628AD309500C7380D /* BikeStationManagerProtocol.swift in Sources */,
				8C553D5C28982B4B00998C15 /* Network.swift in Sources */,
				18B849762892E280009F4501 /* NetworkViewController.swift in Sources */,
				8CC4F8D2289B3D35005D84E4 /* BikeStationModel.swift in Sources */,
				8CDDA1F928A8364800C7380D /* ApiManagerProtocol.swift in Sources */,
				18F472B12893337F00800F17 /* NetworkViewCell.swift in Sources */,
				8CC4F8F128A1C04D005D84E4 /* ApiManager.swift in Sources */,
				8CC4F8D0289AD2DA005D84E4 /* BikeNetworkModel.swift in Sources */,
				8C553D5F2898544300998C15 /* StationViewCell.swift in Sources */,
				8CDDA1EF28A6FF1D00C7380D /* ApiError.swift in Sources */,
				8CC4F8F328A1C07C005D84E4 /* Constants.swift in Sources */,
				8CDDA20428AD300500C7380D /* BikeNetworkManagerProtocol.swift in Sources */,
				18B849722892E280009F4501 /* AppDelegate.swift in Sources */,
				8CDDA20828AD328400C7380D /* ModelProtocol.swift in Sources */,
				18B849742892E280009F4501 /* SceneDelegate.swift in Sources */,
				8CC4F8DE289C71A9005D84E4 /* StationInfoController.swift in Sources */,
				8C553D6228985EB500998C15 /* Station.swift in Sources */,
				8C553D642898681C00998C15 /* StationViewController.swift in Sources */,
			);
			runOnlyForDeploymentPostprocessing = 0;
		};
		8CC4F8E028A1ABED005D84E4 /* Sources */ = {
			isa = PBXSourcesBuildPhase;
			buildActionMask = 2147483647;
			files = (
				8CDDA1F628A8349200C7380D /* MockApiManager.swift in Sources */,
				8CDDA1F128A7032E00C7380D /* NetworkModelTests.swift in Sources */,
				8CDDA1FF28A9539200C7380D /* MockStationViewDelegate.swift in Sources */,
				8C715ADD28A5942E008003B2 /* ApiManagerTests.swift in Sources */,
				8CDDA20228AD10A400C7380D /* NetworkViewControllerTest.swift in Sources */,
				8CDDA1FD28A9523400C7380D /* StationModelTests.swift in Sources */,
				8CC4F8E728A1ABEE005D84E4 /* BikeNetworkTests.swift in Sources */,
				8CDDA20A28AD339900C7380D /* MockBikeNetworkModel.swift in Sources */,
				8CDDA1FB28A93C9400C7380D /* MockNetworkViewDelegate.swift in Sources */,
				8CDDA1ED28A5A2A800C7380D /* MockUrlProtocol.swift in Sources */,
			);
			runOnlyForDeploymentPostprocessing = 0;
		};
		8CDFE99F28AD8FB9002F6AA3 /* Sources */ = {
			isa = PBXSourcesBuildPhase;
			buildActionMask = 2147483647;
			files = (
				8CDFE9A828AD8FB9002F6AA3 /* BikeNetworkUITestsLaunchTests.swift in Sources */,
				8CDFE9A628AD8FB9002F6AA3 /* BikeNetworkUITests.swift in Sources */,
			);
			runOnlyForDeploymentPostprocessing = 0;
		};
/* End PBXSourcesBuildPhase section */

/* Begin PBXTargetDependency section */
		8CC4F8E928A1ABEE005D84E4 /* PBXTargetDependency */ = {
			isa = PBXTargetDependency;
			target = 18B8496D2892E280009F4501 /* BikeNetwork */;
			targetProxy = 8CC4F8E828A1ABEE005D84E4 /* PBXContainerItemProxy */;
		};
		8CDFE9AA28AD8FB9002F6AA3 /* PBXTargetDependency */ = {
			isa = PBXTargetDependency;
			target = 18B8496D2892E280009F4501 /* BikeNetwork */;
			targetProxy = 8CDFE9A928AD8FB9002F6AA3 /* PBXContainerItemProxy */;
		};
/* End PBXTargetDependency section */

/* Begin PBXVariantGroup section */
		18B849772892E280009F4501 /* Main.storyboard */ = {
			isa = PBXVariantGroup;
			children = (
				18B849782892E280009F4501 /* Base */,
			);
			name = Main.storyboard;
			sourceTree = "<group>";
		};
		18B8497C2892E280009F4501 /* LaunchScreen.storyboard */ = {
			isa = PBXVariantGroup;
			children = (
				18B8497D2892E280009F4501 /* Base */,
			);
			name = LaunchScreen.storyboard;
			sourceTree = "<group>";
		};
/* End PBXVariantGroup section */

/* Begin XCBuildConfiguration section */
		18B849802892E280009F4501 /* Debug */ = {
			isa = XCBuildConfiguration;
			buildSettings = {
				ALWAYS_SEARCH_USER_PATHS = NO;
				CLANG_ANALYZER_NONNULL = YES;
				CLANG_ANALYZER_NUMBER_OBJECT_CONVERSION = YES_AGGRESSIVE;
				CLANG_CXX_LANGUAGE_STANDARD = "gnu++17";
				CLANG_ENABLE_MODULES = YES;
				CLANG_ENABLE_OBJC_ARC = YES;
				CLANG_ENABLE_OBJC_WEAK = YES;
				CLANG_WARN_BLOCK_CAPTURE_AUTORELEASING = YES;
				CLANG_WARN_BOOL_CONVERSION = YES;
				CLANG_WARN_COMMA = YES;
				CLANG_WARN_CONSTANT_CONVERSION = YES;
				CLANG_WARN_DEPRECATED_OBJC_IMPLEMENTATIONS = YES;
				CLANG_WARN_DIRECT_OBJC_ISA_USAGE = YES_ERROR;
				CLANG_WARN_DOCUMENTATION_COMMENTS = YES;
				CLANG_WARN_EMPTY_BODY = YES;
				CLANG_WARN_ENUM_CONVERSION = YES;
				CLANG_WARN_INFINITE_RECURSION = YES;
				CLANG_WARN_INT_CONVERSION = YES;
				CLANG_WARN_NON_LITERAL_NULL_CONVERSION = YES;
				CLANG_WARN_OBJC_IMPLICIT_RETAIN_SELF = YES;
				CLANG_WARN_OBJC_LITERAL_CONVERSION = YES;
				CLANG_WARN_OBJC_ROOT_CLASS = YES_ERROR;
				CLANG_WARN_QUOTED_INCLUDE_IN_FRAMEWORK_HEADER = YES;
				CLANG_WARN_RANGE_LOOP_ANALYSIS = YES;
				CLANG_WARN_STRICT_PROTOTYPES = YES;
				CLANG_WARN_SUSPICIOUS_MOVE = YES;
				CLANG_WARN_UNGUARDED_AVAILABILITY = YES_AGGRESSIVE;
				CLANG_WARN_UNREACHABLE_CODE = YES;
				CLANG_WARN__DUPLICATE_METHOD_MATCH = YES;
				COPY_PHASE_STRIP = NO;
				DEBUG_INFORMATION_FORMAT = dwarf;
				ENABLE_STRICT_OBJC_MSGSEND = YES;
				ENABLE_TESTABILITY = YES;
				GCC_C_LANGUAGE_STANDARD = gnu11;
				GCC_DYNAMIC_NO_PIC = NO;
				GCC_NO_COMMON_BLOCKS = YES;
				GCC_OPTIMIZATION_LEVEL = 0;
				GCC_PREPROCESSOR_DEFINITIONS = (
					"DEBUG=1",
					"$(inherited)",
				);
				GCC_WARN_64_TO_32_BIT_CONVERSION = YES;
				GCC_WARN_ABOUT_RETURN_TYPE = YES_ERROR;
				GCC_WARN_UNDECLARED_SELECTOR = YES;
				GCC_WARN_UNINITIALIZED_AUTOS = YES_AGGRESSIVE;
				GCC_WARN_UNUSED_FUNCTION = YES;
				GCC_WARN_UNUSED_VARIABLE = YES;
				IPHONEOS_DEPLOYMENT_TARGET = 15.5;
				MTL_ENABLE_DEBUG_INFO = INCLUDE_SOURCE;
				MTL_FAST_MATH = YES;
				ONLY_ACTIVE_ARCH = YES;
				SDKROOT = iphoneos;
				SWIFT_ACTIVE_COMPILATION_CONDITIONS = DEBUG;
				SWIFT_OPTIMIZATION_LEVEL = "-Onone";
			};
			name = Debug;
		};
		18B849812892E280009F4501 /* Release */ = {
			isa = XCBuildConfiguration;
			buildSettings = {
				ALWAYS_SEARCH_USER_PATHS = NO;
				CLANG_ANALYZER_NONNULL = YES;
				CLANG_ANALYZER_NUMBER_OBJECT_CONVERSION = YES_AGGRESSIVE;
				CLANG_CXX_LANGUAGE_STANDARD = "gnu++17";
				CLANG_ENABLE_MODULES = YES;
				CLANG_ENABLE_OBJC_ARC = YES;
				CLANG_ENABLE_OBJC_WEAK = YES;
				CLANG_WARN_BLOCK_CAPTURE_AUTORELEASING = YES;
				CLANG_WARN_BOOL_CONVERSION = YES;
				CLANG_WARN_COMMA = YES;
				CLANG_WARN_CONSTANT_CONVERSION = YES;
				CLANG_WARN_DEPRECATED_OBJC_IMPLEMENTATIONS = YES;
				CLANG_WARN_DIRECT_OBJC_ISA_USAGE = YES_ERROR;
				CLANG_WARN_DOCUMENTATION_COMMENTS = YES;
				CLANG_WARN_EMPTY_BODY = YES;
				CLANG_WARN_ENUM_CONVERSION = YES;
				CLANG_WARN_INFINITE_RECURSION = YES;
				CLANG_WARN_INT_CONVERSION = YES;
				CLANG_WARN_NON_LITERAL_NULL_CONVERSION = YES;
				CLANG_WARN_OBJC_IMPLICIT_RETAIN_SELF = YES;
				CLANG_WARN_OBJC_LITERAL_CONVERSION = YES;
				CLANG_WARN_OBJC_ROOT_CLASS = YES_ERROR;
				CLANG_WARN_QUOTED_INCLUDE_IN_FRAMEWORK_HEADER = YES;
				CLANG_WARN_RANGE_LOOP_ANALYSIS = YES;
				CLANG_WARN_STRICT_PROTOTYPES = YES;
				CLANG_WARN_SUSPICIOUS_MOVE = YES;
				CLANG_WARN_UNGUARDED_AVAILABILITY = YES_AGGRESSIVE;
				CLANG_WARN_UNREACHABLE_CODE = YES;
				CLANG_WARN__DUPLICATE_METHOD_MATCH = YES;
				COPY_PHASE_STRIP = NO;
				DEBUG_INFORMATION_FORMAT = "dwarf-with-dsym";
				ENABLE_NS_ASSERTIONS = NO;
				ENABLE_STRICT_OBJC_MSGSEND = YES;
				GCC_C_LANGUAGE_STANDARD = gnu11;
				GCC_NO_COMMON_BLOCKS = YES;
				GCC_WARN_64_TO_32_BIT_CONVERSION = YES;
				GCC_WARN_ABOUT_RETURN_TYPE = YES_ERROR;
				GCC_WARN_UNDECLARED_SELECTOR = YES;
				GCC_WARN_UNINITIALIZED_AUTOS = YES_AGGRESSIVE;
				GCC_WARN_UNUSED_FUNCTION = YES;
				GCC_WARN_UNUSED_VARIABLE = YES;
				IPHONEOS_DEPLOYMENT_TARGET = 15.5;
				MTL_ENABLE_DEBUG_INFO = NO;
				MTL_FAST_MATH = YES;
				SDKROOT = iphoneos;
				SWIFT_COMPILATION_MODE = wholemodule;
				SWIFT_OPTIMIZATION_LEVEL = "-O";
				VALIDATE_PRODUCT = YES;
			};
			name = Release;
		};
		18B849832892E280009F4501 /* Debug */ = {
			isa = XCBuildConfiguration;
			baseConfigurationReference = 789855EDF33B137E35D0E616 /* Pods-BikeNetwork.debug.xcconfig */;
			buildSettings = {
				ASSETCATALOG_COMPILER_APPICON_NAME = AppIcon;
				ASSETCATALOG_COMPILER_GLOBAL_ACCENT_COLOR_NAME = AccentColor;
				CODE_SIGN_STYLE = Automatic;
				CURRENT_PROJECT_VERSION = 1;
				DEVELOPMENT_TEAM = VHGAQ8YZUP;
				GENERATE_INFOPLIST_FILE = YES;
				INFOPLIST_FILE = BikeNetwork/Info.plist;
				INFOPLIST_KEY_UIApplicationSupportsIndirectInputEvents = YES;
				INFOPLIST_KEY_UILaunchStoryboardName = LaunchScreen;
				INFOPLIST_KEY_UIMainStoryboardFile = Main;
				INFOPLIST_KEY_UISupportedInterfaceOrientations_iPad = "UIInterfaceOrientationPortrait UIInterfaceOrientationPortraitUpsideDown UIInterfaceOrientationLandscapeLeft UIInterfaceOrientationLandscapeRight";
				INFOPLIST_KEY_UISupportedInterfaceOrientations_iPhone = "UIInterfaceOrientationPortrait UIInterfaceOrientationLandscapeLeft UIInterfaceOrientationLandscapeRight";
				LD_RUNPATH_SEARCH_PATHS = (
					"$(inherited)",
					"@executable_path/Frameworks",
				);
				MARKETING_VERSION = 1.0;
				PRODUCT_BUNDLE_IDENTIFIER = com.sapient.BikeNetwork;
				PRODUCT_NAME = "$(TARGET_NAME)";
				SWIFT_EMIT_LOC_STRINGS = YES;
				SWIFT_VERSION = 5.0;
				TARGETED_DEVICE_FAMILY = "1,2";
			};
			name = Debug;
		};
		18B849842892E280009F4501 /* Release */ = {
			isa = XCBuildConfiguration;
			baseConfigurationReference = 2B4209565944737E5AC92C6E /* Pods-BikeNetwork.release.xcconfig */;
			buildSettings = {
				ASSETCATALOG_COMPILER_APPICON_NAME = AppIcon;
				ASSETCATALOG_COMPILER_GLOBAL_ACCENT_COLOR_NAME = AccentColor;
				CODE_SIGN_STYLE = Automatic;
				CURRENT_PROJECT_VERSION = 1;
				DEVELOPMENT_TEAM = VHGAQ8YZUP;
				GENERATE_INFOPLIST_FILE = YES;
				INFOPLIST_FILE = BikeNetwork/Info.plist;
				INFOPLIST_KEY_UIApplicationSupportsIndirectInputEvents = YES;
				INFOPLIST_KEY_UILaunchStoryboardName = LaunchScreen;
				INFOPLIST_KEY_UIMainStoryboardFile = Main;
				INFOPLIST_KEY_UISupportedInterfaceOrientations_iPad = "UIInterfaceOrientationPortrait UIInterfaceOrientationPortraitUpsideDown UIInterfaceOrientationLandscapeLeft UIInterfaceOrientationLandscapeRight";
				INFOPLIST_KEY_UISupportedInterfaceOrientations_iPhone = "UIInterfaceOrientationPortrait UIInterfaceOrientationLandscapeLeft UIInterfaceOrientationLandscapeRight";
				LD_RUNPATH_SEARCH_PATHS = (
					"$(inherited)",
					"@executable_path/Frameworks",
				);
				MARKETING_VERSION = 1.0;
				PRODUCT_BUNDLE_IDENTIFIER = com.sapient.BikeNetwork;
				PRODUCT_NAME = "$(TARGET_NAME)";
				SWIFT_EMIT_LOC_STRINGS = YES;
				SWIFT_VERSION = 5.0;
				TARGETED_DEVICE_FAMILY = "1,2";
			};
			name = Release;
		};
		8CC4F8EB28A1ABEE005D84E4 /* Debug */ = {
			isa = XCBuildConfiguration;
			baseConfigurationReference = 41AF0CD45FAE4BB25EC26985 /* Pods-BikeNetworkTests.debug.xcconfig */;
			buildSettings = {
				BUNDLE_LOADER = "$(TEST_HOST)";
				CODE_SIGN_STYLE = Automatic;
				CURRENT_PROJECT_VERSION = 1;
				GENERATE_INFOPLIST_FILE = YES;
				MARKETING_VERSION = 1.0;
				PRODUCT_BUNDLE_IDENTIFIER = com.sapient.BikeNetworkTests;
				PRODUCT_NAME = "$(TARGET_NAME)";
				SWIFT_EMIT_LOC_STRINGS = NO;
				SWIFT_VERSION = 5.0;
				TARGETED_DEVICE_FAMILY = "1,2";
				TEST_HOST = "$(BUILT_PRODUCTS_DIR)/BikeNetwork.app/BikeNetwork";
			};
			name = Debug;
		};
		8CC4F8EC28A1ABEE005D84E4 /* Release */ = {
			isa = XCBuildConfiguration;
			baseConfigurationReference = 792B260180D4F5EF45212E01 /* Pods-BikeNetworkTests.release.xcconfig */;
			buildSettings = {
				BUNDLE_LOADER = "$(TEST_HOST)";
				CODE_SIGN_STYLE = Automatic;
				CURRENT_PROJECT_VERSION = 1;
				GENERATE_INFOPLIST_FILE = YES;
				MARKETING_VERSION = 1.0;
				PRODUCT_BUNDLE_IDENTIFIER = com.sapient.BikeNetworkTests;
				PRODUCT_NAME = "$(TARGET_NAME)";
				SWIFT_EMIT_LOC_STRINGS = NO;
				SWIFT_VERSION = 5.0;
				TARGETED_DEVICE_FAMILY = "1,2";
				TEST_HOST = "$(BUILT_PRODUCTS_DIR)/BikeNetwork.app/BikeNetwork";
			};
			name = Release;
		};
		8CDFE9AB28AD8FB9002F6AA3 /* Debug */ = {
			isa = XCBuildConfiguration;
			buildSettings = {
				CODE_SIGN_STYLE = Automatic;
				CURRENT_PROJECT_VERSION = 1;
				GENERATE_INFOPLIST_FILE = YES;
				MARKETING_VERSION = 1.0;
				PRODUCT_BUNDLE_IDENTIFIER = com.sapient.BikeNetworkUITests;
				PRODUCT_NAME = "$(TARGET_NAME)";
				SWIFT_EMIT_LOC_STRINGS = NO;
				SWIFT_VERSION = 5.0;
				TARGETED_DEVICE_FAMILY = "1,2";
				TEST_TARGET_NAME = BikeNetwork;
			};
			name = Debug;
		};
		8CDFE9AC28AD8FB9002F6AA3 /* Release */ = {
			isa = XCBuildConfiguration;
			buildSettings = {
				CODE_SIGN_STYLE = Automatic;
				CURRENT_PROJECT_VERSION = 1;
				GENERATE_INFOPLIST_FILE = YES;
				MARKETING_VERSION = 1.0;
				PRODUCT_BUNDLE_IDENTIFIER = com.sapient.BikeNetworkUITests;
				PRODUCT_NAME = "$(TARGET_NAME)";
				SWIFT_EMIT_LOC_STRINGS = NO;
				SWIFT_VERSION = 5.0;
				TARGETED_DEVICE_FAMILY = "1,2";
				TEST_TARGET_NAME = BikeNetwork;
			};
			name = Release;
		};
/* End XCBuildConfiguration section */

/* Begin XCConfigurationList section */
		18B849692892E280009F4501 /* Build configuration list for PBXProject "BikeNetwork" */ = {
			isa = XCConfigurationList;
			buildConfigurations = (
				18B849802892E280009F4501 /* Debug */,
				18B849812892E280009F4501 /* Release */,
			);
			defaultConfigurationIsVisible = 0;
			defaultConfigurationName = Release;
		};
		18B849822892E280009F4501 /* Build configuration list for PBXNativeTarget "BikeNetwork" */ = {
			isa = XCConfigurationList;
			buildConfigurations = (
				18B849832892E280009F4501 /* Debug */,
				18B849842892E280009F4501 /* Release */,
			);
			defaultConfigurationIsVisible = 0;
			defaultConfigurationName = Release;
		};
		8CC4F8EA28A1ABEE005D84E4 /* Build configuration list for PBXNativeTarget "BikeNetworkTests" */ = {
			isa = XCConfigurationList;
			buildConfigurations = (
				8CC4F8EB28A1ABEE005D84E4 /* Debug */,
				8CC4F8EC28A1ABEE005D84E4 /* Release */,
			);
			defaultConfigurationIsVisible = 0;
			defaultConfigurationName = Release;
		};
		8CDFE9AD28AD8FB9002F6AA3 /* Build configuration list for PBXNativeTarget "BikeNetworkUITests" */ = {
			isa = XCConfigurationList;
			buildConfigurations = (
				8CDFE9AB28AD8FB9002F6AA3 /* Debug */,
				8CDFE9AC28AD8FB9002F6AA3 /* Release */,
			);
			defaultConfigurationIsVisible = 0;
			defaultConfigurationName = Release;
		};
/* End XCConfigurationList section */
	};
	rootObject = 18B849662892E280009F4501 /* Project object */;
}
